
Microsoft Visual Studio Solution File, Format Version 12.00
# Visual Studio Version 17
VisualStudioVersion = 17.0.32014.148
MinimumVisualStudioVersion = 10.0.40219.1
Project("{FAE04EC0-301F-11D3-BF4B-00C04F79EFBC}") = "ConsoleApp1", "ConsoleApp1\ConsoleApp1.csproj", "{7941A92B-66BD-4621-BA9C-C0FAB0084FDF}"
EndProject
Global
	GlobalSection(SolutionConfigurationPlatforms) = preSolution
		Debug|Any CPU = Debug|Any CPU
		Release|Any CPU = Release|Any CPU
	EndGlobalSection
	GlobalSection(ProjectConfigurationPlatforms) = postSolution
		{7941A92B-66BD-4621-BA9C-C0FAB0084FDF}.Debug|Any CPU.ActiveCfg = Debug|Any CPU
		{7941A92B-66BD-4621-BA9C-C0FAB0084FDF}.Debug|Any CPU.Build.0 = Debug|Any CPU
		{7941A92B-66BD-4621-BA9C-C0FAB0084FDF}.Release|Any CPU.ActiveCfg = Release|Any CPU
		{7941A92B-66BD-4621-BA9C-C0FAB0084FDF}.Release|Any CPU.Build.0 = Release|Any CPU
	EndGlobalSection
	GlobalSection(SolutionProperties) = preSolution
		HideSolutionNode = FALSE
	EndGlobalSection
	GlobalSection(ExtensibilityGlobals) = postSolution
		SolutionGuid = {846B8BF7-4394-4DDA-A6A0-29561AA5D01F}
	EndGlobalSection
EndGlobal
